
Microsoft Visual Studio Solution File, Format Version 12.00
# Visual Studio 15
VisualStudioVersion = 15.0.27428.2043
MinimumVisualStudioVersion = 10.0.40219.1
Project("{F184B08F-C81C-45F6-A57F-5ABD9991F28F}") = "Screen_Capture", "Screen_Capture\Screen_Capture.vbproj", "{971DAF92-EDF1-4D0F-A6B5-83A91B098D76}"
EndProject
Global
	GlobalSection(SolutionConfigurationPlatforms) = preSolution
		Debug|Any CPU = Debug|Any CPU
		Release|Any CPU = Release|Any CPU
	EndGlobalSection
	GlobalSection(ProjectConfigurationPlatforms) = postSolution
		{971DAF92-EDF1-4D0F-A6B5-83A91B098D76}.Debug|Any CPU.ActiveCfg = Debug|Any CPU
		{971DAF92-EDF1-4D0F-A6B5-83A91B098D76}.Debug|Any CPU.Build.0 = Debug|Any CPU
		{971DAF92-EDF1-4D0F-A6B5-83A91B098D76}.Release|Any CPU.ActiveCfg = Release|Any CPU
		{971DAF92-EDF1-4D0F-A6B5-83A91B098D76}.Release|Any CPU.Build.0 = Release|Any CPU
	EndGlobalSection
	GlobalSection(SolutionProperties) = preSolution
		HideSolutionNode = FALSE
	EndGlobalSection
	GlobalSection(ExtensibilityGlobals) = postSolution
		SolutionGuid = {A79703D4-98D6-4EBD-B838-0557B5A63C6E}
	EndGlobalSection
EndGlobal
